<Solution>
  <Project Path="GoodHamburger.API/GoodHamburger.API.csproj" />
  <Project Path="GoodHamburger.Application/GoodHamburger.Application.csproj" />
  <Project Path="GoodHamburger.Domain/GoodHamburger.Domain.csproj" />
  <Project Path="GoodHamburger.Infra/GoodHamburger.Infra.csproj" />
</Solution>
